
Microsoft Visual Studio Solution File, Format Version 12.00
# Visual Studio 14
VisualStudioVersion = 14.0.24720.0
MinimumVisualStudioVersion = 10.0.40219.1
Project("{FAE04EC0-301F-11D3-BF4B-00C04F79EFBC}") = "FrontEndConsole", "FrontEndConsole\FrontEndConsole.csproj", "{79DEE6FB-40CF-4897-A0D8-1801B5AF8E5F}"
EndProject
Project("{FAE04EC0-301F-11D3-BF4B-00C04F79EFBC}") = "Messaging", "..\Messaging\Messaging.csproj", "{3820356E-C152-47E8-BDF6-1261D96B00DC}"
EndProject
Global
	GlobalSection(SolutionConfigurationPlatforms) = preSolution
		Debug|Any CPU = Debug|Any CPU
		Release|Any CPU = Release|Any CPU
	EndGlobalSection
	GlobalSection(ProjectConfigurationPlatforms) = postSolution
		{79DEE6FB-40CF-4897-A0D8-1801B5AF8E5F}.Debug|Any CPU.ActiveCfg = Debug|Any CPU
		{79DEE6FB-40CF-4897-A0D8-1801B5AF8E5F}.Debug|Any CPU.Build.0 = Debug|Any CPU
		{79DEE6FB-40CF-4897-A0D8-1801B5AF8E5F}.Release|Any CPU.ActiveCfg = Release|Any CPU
		{79DEE6FB-40CF-4897-A0D8-1801B5AF8E5F}.Release|Any CPU.Build.0 = Release|Any CPU
		{3820356E-C152-47E8-BDF6-1261D96B00DC}.Debug|Any CPU.ActiveCfg = Debug|Any CPU
		{3820356E-C152-47E8-BDF6-1261D96B00DC}.Debug|Any CPU.Build.0 = Debug|Any CPU
		{3820356E-C152-47E8-BDF6-1261D96B00DC}.Release|Any CPU.ActiveCfg = Release|Any CPU
		{3820356E-C152-47E8-BDF6-1261D96B00DC}.Release|Any CPU.Build.0 = Release|Any CPU
	EndGlobalSection
	GlobalSection(SolutionProperties) = preSolution
		HideSolutionNode = FALSE
	EndGlobalSection
EndGlobal
